
Microsoft Visual Studio Solution File, Format Version 12.00
# Visual Studio Version 16
VisualStudioVersion = 16.0.30204.135
MinimumVisualStudioVersion = 10.0.40219.1
Project("{FAE04EC0-301F-11D3-BF4B-00C04F79EFBC}") = "WebApp", "WebApp\WebApp.csproj", "{CD544926-DBA2-4009-9D2F-431F0835A14A}"
EndProject
Project("{FAE04EC0-301F-11D3-BF4B-00C04F79EFBC}") = "ChinookSystem", "ChinookSystem\ChinookSystem.csproj", "{77B8D637-C98D-46F1-B1BA-263330C40F98}"
EndProject
Global
	GlobalSection(SolutionConfigurationPlatforms) = preSolution
		Debug|Any CPU = Debug|Any CPU
		Release|Any CPU = Release|Any CPU
	EndGlobalSection
	GlobalSection(ProjectConfigurationPlatforms) = postSolution
		{CD544926-DBA2-4009-9D2F-431F0835A14A}.Debug|Any CPU.ActiveCfg = Debug|Any CPU
		{CD544926-DBA2-4009-9D2F-431F0835A14A}.Debug|Any CPU.Build.0 = Debug|Any CPU
		{CD544926-DBA2-4009-9D2F-431F0835A14A}.Release|Any CPU.ActiveCfg = Release|Any CPU
		{CD544926-DBA2-4009-9D2F-431F0835A14A}.Release|Any CPU.Build.0 = Release|Any CPU
		{77B8D637-C98D-46F1-B1BA-263330C40F98}.Debug|Any CPU.ActiveCfg = Debug|Any CPU
		{77B8D637-C98D-46F1-B1BA-263330C40F98}.Debug|Any CPU.Build.0 = Debug|Any CPU
		{77B8D637-C98D-46F1-B1BA-263330C40F98}.Release|Any CPU.ActiveCfg = Release|Any CPU
		{77B8D637-C98D-46F1-B1BA-263330C40F98}.Release|Any CPU.Build.0 = Release|Any CPU
	EndGlobalSection
	GlobalSection(SolutionProperties) = preSolution
		HideSolutionNode = FALSE
	EndGlobalSection
	GlobalSection(ExtensibilityGlobals) = postSolution
		SolutionGuid = {778B6530-570C-4DA9-8CAC-E7AE5B7980D0}
	EndGlobalSection
EndGlobal
